
Microsoft Visual Studio Solution File, Format Version 12.00
Project("{FAE04EC0-301F-11D3-BF4B-00C04F79EFBC}") = "SharpNotes", "SharpNotes\SharpNotes.csproj", "{B5DB9D58-3971-4FD3-BD8F-CC8A96FBB14A}"
EndProject
Global
	GlobalSection(SolutionConfigurationPlatforms) = preSolution
		Debug|Any CPU = Debug|Any CPU
		Release|Any CPU = Release|Any CPU
	EndGlobalSection
	GlobalSection(ProjectConfigurationPlatforms) = postSolution
		{B5DB9D58-3971-4FD3-BD8F-CC8A96FBB14A}.Debug|Any CPU.ActiveCfg = Debug|Any CPU
		{B5DB9D58-3971-4FD3-BD8F-CC8A96FBB14A}.Debug|Any CPU.Build.0 = Debug|Any CPU
		{B5DB9D58-3971-4FD3-BD8F-CC8A96FBB14A}.Release|Any CPU.ActiveCfg = Release|Any CPU
		{B5DB9D58-3971-4FD3-BD8F-CC8A96FBB14A}.Release|Any CPU.Build.0 = Release|Any CPU
	EndGlobalSection
EndGlobal
